
Microsoft Visual Studio Solution File, Format Version 12.00
# Visual Studio Version 16
VisualStudioVersion = 16.0.32929.386
MinimumVisualStudioVersion = 10.0.40219.1
Project("{F184B08F-C81C-45F6-A57F-5ABD9991F28F}") = "Test1Part2_ES", "Test1Part2_ES\Test1Part2_ES.vbproj", "{149793AF-9CC2-4748-8BB7-B94D28A114AF}"
EndProject
Global
	GlobalSection(SolutionConfigurationPlatforms) = preSolution
		Debug|Any CPU = Debug|Any CPU
		Release|Any CPU = Release|Any CPU
	EndGlobalSection
	GlobalSection(ProjectConfigurationPlatforms) = postSolution
		{149793AF-9CC2-4748-8BB7-B94D28A114AF}.Debug|Any CPU.ActiveCfg = Debug|Any CPU
		{149793AF-9CC2-4748-8BB7-B94D28A114AF}.Debug|Any CPU.Build.0 = Debug|Any CPU
		{149793AF-9CC2-4748-8BB7-B94D28A114AF}.Release|Any CPU.ActiveCfg = Release|Any CPU
		{149793AF-9CC2-4748-8BB7-B94D28A114AF}.Release|Any CPU.Build.0 = Release|Any CPU
	EndGlobalSection
	GlobalSection(SolutionProperties) = preSolution
		HideSolutionNode = FALSE
	EndGlobalSection
	GlobalSection(ExtensibilityGlobals) = postSolution
		SolutionGuid = {227A1A54-E7AE-4DA9-AB49-8EE57D5A24A5}
	EndGlobalSection
EndGlobal
